<?xml version="1.0" encoding="utf-8"?>
<Project ToolsVersion="4.0" xmlns="http://schemas.microsoft.com/developer/msbuild/2003">
  <ItemGroup>
    <Filter Include="Control">
      <UniqueIdentifier>{7e0c3109-2659-4d31-91ca-32661510a390}</UniqueIdentifier>
    </Filter>
    <Filter Include="DB">
      <UniqueIdentifier>{f37701e4-10e1-4094-8206-950089b48508}</UniqueIdentifier>
    </Filter>
    <Filter Include="Common">
      <UniqueIdentifier>{9723887e-131a-4cba-a16c-e706c664a550}</UniqueIdentifier>
    </Filter>
    <Filter Include="Project">
      <UniqueIdentifier>{f0da4d6c-089f-4ea0-9a80-da003df7aa2b}</UniqueIdentifier>
    </Filter>
    <Filter Include="Network">
      <UniqueIdentifier>{c9cd43ec-5b55-4c0f-add1-e6230d16dd2e}</UniqueIdentifier>
    </Filter>
    <Filter Include="FileOpr">
      <UniqueIdentifier>{3c500a72-900b-497d-865c-09261f1b636f}</UniqueIdentifier>
    </Filter>
    <Filter Include="Protocol">
      <UniqueIdentifier>{9c6b3737-aa77-4820-b9e5-14a383f743eb}</UniqueIdentifier>
    </Filter>
    <Filter Include="Kernel">
      <UniqueIdentifier>{d89f7dfb-ef8c-4cdc-a901-c849c6cd3985}</UniqueIdentifier>
    </Filter>
  </ItemGroup>
  <ItemGroup>
    <ClCompile Include="Control\Control.cpp">
      <Filter>Control</Filter>
    </ClCompile>
    <ClCompile Include="DB\MyDao.cpp">
      <Filter>DB</Filter>
    </ClCompile>
    <ClCompile Include="Project\Project.cpp">
      <Filter>Project</Filter>
    </ClCompile>
    <ClCompile Include="Network\Tcpnet.cpp">
      <Filter>Network</Filter>
    </ClCompile>
    <ClCompile Include="Network\Udpnet.cpp">
      <Filter>Network</Filter>
    </ClCompile>
    <ClCompile Include="FileOpr\FileOpr.cpp">
      <Filter>FileOpr</Filter>
    </ClCompile>
    <ClCompile Include="..\Protocol\CProtocol.cpp">
      <Filter>Protocol</Filter>
    </ClCompile>
    <ClCompile Include="Kernel\CKernel.cpp">
      <Filter>Kernel</Filter>
    </ClCompile>
    <ClCompile Include="Kernel\ThreadPool.cpp">
      <Filter>Kernel</Filter>
    </ClCompile>
    <ClCompile Include="Control\test_main.cpp">
      <Filter>Control</Filter>
    </ClCompile>
  </ItemGroup>
  <ItemGroup>
    <ClInclude Include="Control\Control.h">
      <Filter>Control</Filter>
    </ClInclude>
    <ClInclude Include="DB\MyDao.h">
      <Filter>DB</Filter>
    </ClInclude>
    <ClInclude Include="..\Common\Circle_que.h">
      <Filter>Common</Filter>
    </ClInclude>
    <ClInclude Include="Network\INet.h">
      <Filter>Network</Filter>
    </ClInclude>
    <ClInclude Include="Network\Tcpnet.h">
      <Filter>Network</Filter>
    </ClInclude>
    <ClInclude Include="Network\Udpnet.h">
      <Filter>Network</Filter>
    </ClInclude>
    <ClInclude Include="..\Common\Lock.h">
      <Filter>Common</Filter>
    </ClInclude>
    <ClInclude Include="FileOpr\FileOpr.h">
      <Filter>FileOpr</Filter>
    </ClInclude>
    <ClInclude Include="FileOpr\IFile.h">
      <Filter>FileOpr</Filter>
    </ClInclude>
    <ClInclude Include="..\Protocol\CProtocol.h">
      <Filter>Protocol</Filter>
    </ClInclude>
    <ClInclude Include="Network\CFactory.h">
      <Filter>Network</Filter>
    </ClInclude>
    <ClInclude Include="Kernel\CKernel.h">
      <Filter>Kernel</Filter>
    </ClInclude>
    <ClInclude Include="Kernel\ThreadPool.h">
      <Filter>Kernel</Filter>
    </ClInclude>
    <ClInclude Include="..\Common\Lock_que.h">
      <Filter>Common</Filter>
    </ClInclude>
  </ItemGroup>
</Project>